
Microsoft Visual Studio Solution File, Format Version 12.00
# Visual Studio Version 17
VisualStudioVersion = 17.14.36518.9 d17.14
MinimumVisualStudioVersion = 10.0.40219.1
Project("{FAE04EC0-301F-11D3-BF4B-00C04F79EFBC}") = "ProjetoMVC", "ProjetoMVC.csproj", "{8AF7C0B7-522C-413A-A9A9-7D1A0266A1E4}"
EndProject
Global
	GlobalSection(SolutionConfigurationPlatforms) = preSolution
		Debug|Any CPU = Debug|Any CPU
		Release|Any CPU = Release|Any CPU
	EndGlobalSection
	GlobalSection(ProjectConfigurationPlatforms) = postSolution
		{8AF7C0B7-522C-413A-A9A9-7D1A0266A1E4}.Debug|Any CPU.ActiveCfg = Debug|Any CPU
		{8AF7C0B7-522C-413A-A9A9-7D1A0266A1E4}.Debug|Any CPU.Build.0 = Debug|Any CPU
		{8AF7C0B7-522C-413A-A9A9-7D1A0266A1E4}.Release|Any CPU.ActiveCfg = Release|Any CPU
		{8AF7C0B7-522C-413A-A9A9-7D1A0266A1E4}.Release|Any CPU.Build.0 = Release|Any CPU
	EndGlobalSection
	GlobalSection(SolutionProperties) = preSolution
		HideSolutionNode = FALSE
	EndGlobalSection
	GlobalSection(ExtensibilityGlobals) = postSolution
		SolutionGuid = {DB5EC156-6DAC-46B6-B6D4-4AC7BD7D23C1}
	EndGlobalSection
EndGlobal
